
Microsoft Visual Studio Solution File, Format Version 12.00
# Visual Studio Version 16
VisualStudioVersion = 16.0.31005.135
MinimumVisualStudioVersion = 10.0.40219.1
Project("{9A19103F-16F7-4668-BE54-9A1E7A4F7556}") = "Asp.net_2", "Asp.net_2\Asp.net_2.csproj", "{D77ABF81-1919-4F6C-8D1F-A45896F9014F}"
EndProject
Project("{9A19103F-16F7-4668-BE54-9A1E7A4F7556}") = "MetricsManagerTest", "MetricsManagerTest\MetricsManagerTest.csproj", "{9753A53C-B7D3-483E-B9F7-641B3A929902}"
EndProject
Project("{9A19103F-16F7-4668-BE54-9A1E7A4F7556}") = "MetricsAgent", "MetricsAgent\MetricsAgent.csproj", "{B4DF23AD-9933-4962-8330-8DAC9162783E}"
EndProject
Project("{2150E333-8FDC-42A3-9474-1A3956D46DE8}") = "Solution Items", "Solution Items", "{D88D9CEC-E7E2-43A4-B342-A97FBBD53BBA}"
	ProjectSection(SolutionItems) = preProject
		MetricsAgentTest.testsettings = MetricsAgentTest.testsettings
	EndProjectSection
EndProject
Project("{FAE04EC0-301F-11D3-BF4B-00C04F79EFBC}") = "MetricsAgentTest", "MetricsAgentTest\MetricsAgentTest.csproj", "{5CFDBEB4-A587-46B4-ACAC-1A756928BE25}"
EndProject
Global
	GlobalSection(SolutionConfigurationPlatforms) = preSolution
		Debug|Any CPU = Debug|Any CPU
		Release|Any CPU = Release|Any CPU
	EndGlobalSection
	GlobalSection(ProjectConfigurationPlatforms) = postSolution
		{D77ABF81-1919-4F6C-8D1F-A45896F9014F}.Debug|Any CPU.ActiveCfg = Debug|Any CPU
		{D77ABF81-1919-4F6C-8D1F-A45896F9014F}.Debug|Any CPU.Build.0 = Debug|Any CPU
		{D77ABF81-1919-4F6C-8D1F-A45896F9014F}.Release|Any CPU.ActiveCfg = Release|Any CPU
		{D77ABF81-1919-4F6C-8D1F-A45896F9014F}.Release|Any CPU.Build.0 = Release|Any CPU
		{9753A53C-B7D3-483E-B9F7-641B3A929902}.Debug|Any CPU.ActiveCfg = Debug|Any CPU
		{9753A53C-B7D3-483E-B9F7-641B3A929902}.Debug|Any CPU.Build.0 = Debug|Any CPU
		{9753A53C-B7D3-483E-B9F7-641B3A929902}.Release|Any CPU.ActiveCfg = Release|Any CPU
		{9753A53C-B7D3-483E-B9F7-641B3A929902}.Release|Any CPU.Build.0 = Release|Any CPU
		{B4DF23AD-9933-4962-8330-8DAC9162783E}.Debug|Any CPU.ActiveCfg = Debug|Any CPU
		{B4DF23AD-9933-4962-8330-8DAC9162783E}.Debug|Any CPU.Build.0 = Debug|Any CPU
		{B4DF23AD-9933-4962-8330-8DAC9162783E}.Release|Any CPU.ActiveCfg = Release|Any CPU
		{B4DF23AD-9933-4962-8330-8DAC9162783E}.Release|Any CPU.Build.0 = Release|Any CPU
		{5CFDBEB4-A587-46B4-ACAC-1A756928BE25}.Debug|Any CPU.ActiveCfg = Debug|Any CPU
		{5CFDBEB4-A587-46B4-ACAC-1A756928BE25}.Debug|Any CPU.Build.0 = Debug|Any CPU
		{5CFDBEB4-A587-46B4-ACAC-1A756928BE25}.Release|Any CPU.ActiveCfg = Release|Any CPU
		{5CFDBEB4-A587-46B4-ACAC-1A756928BE25}.Release|Any CPU.Build.0 = Release|Any CPU
	EndGlobalSection
	GlobalSection(SolutionProperties) = preSolution
		HideSolutionNode = FALSE
	EndGlobalSection
	GlobalSection(ExtensibilityGlobals) = postSolution
		SolutionGuid = {C13352B3-53B9-4549-A17A-8F346B03D683}
	EndGlobalSection
EndGlobal
